
Microsoft Visual Studio Solution File, Format Version 12.00
# Visual Studio Version 17
VisualStudioVersion = 17.1.32228.430
MinimumVisualStudioVersion = 10.0.40219.1
Project("{FAE04EC0-301F-11D3-BF4B-00C04F79EFBC}") = "BookStore", "BookStore\BookStore.csproj", "{BCB51626-550D-4E98-B1EA-0174CDD102E3}"
EndProject
Global
	GlobalSection(SolutionConfigurationPlatforms) = preSolution
		Debug|Any CPU = Debug|Any CPU
		Release|Any CPU = Release|Any CPU
	EndGlobalSection
	GlobalSection(ProjectConfigurationPlatforms) = postSolution
		{BCB51626-550D-4E98-B1EA-0174CDD102E3}.Debug|Any CPU.ActiveCfg = Debug|Any CPU
		{BCB51626-550D-4E98-B1EA-0174CDD102E3}.Debug|Any CPU.Build.0 = Debug|Any CPU
		{BCB51626-550D-4E98-B1EA-0174CDD102E3}.Release|Any CPU.ActiveCfg = Release|Any CPU
		{BCB51626-550D-4E98-B1EA-0174CDD102E3}.Release|Any CPU.Build.0 = Release|Any CPU
	EndGlobalSection
	GlobalSection(SolutionProperties) = preSolution
		HideSolutionNode = FALSE
	EndGlobalSection
	GlobalSection(ExtensibilityGlobals) = postSolution
		SolutionGuid = {DED57E45-A5C7-4CB6-98AE-0FC82B06EF97}
	EndGlobalSection
EndGlobal
